
Microsoft Visual Studio Solution File, Format Version 12.00
# Visual Studio Version 16
VisualStudioVersion = 16.0.31729.503
MinimumVisualStudioVersion = 10.0.40219.1
Project("{FAE04EC0-301F-11D3-BF4B-00C04F79EFBC}") = "ConsoleApp12", "ConsoleApp12\ConsoleApp12.csproj", "{86D65137-79B6-41DC-B3B0-3CA0B2E26554}"
EndProject
Project("{FAE04EC0-301F-11D3-BF4B-00C04F79EFBC}") = "ClassLibrary1", "ClassLibrary1\ClassLibrary1.csproj", "{796CDAB1-94EF-4409-8F13-572D5ADCA115}"
EndProject
Global
	GlobalSection(SolutionConfigurationPlatforms) = preSolution
		Debug|Any CPU = Debug|Any CPU
		Release|Any CPU = Release|Any CPU
	EndGlobalSection
	GlobalSection(ProjectConfigurationPlatforms) = postSolution
		{86D65137-79B6-41DC-B3B0-3CA0B2E26554}.Debug|Any CPU.ActiveCfg = Debug|Any CPU
		{86D65137-79B6-41DC-B3B0-3CA0B2E26554}.Debug|Any CPU.Build.0 = Debug|Any CPU
		{86D65137-79B6-41DC-B3B0-3CA0B2E26554}.Release|Any CPU.ActiveCfg = Release|Any CPU
		{86D65137-79B6-41DC-B3B0-3CA0B2E26554}.Release|Any CPU.Build.0 = Release|Any CPU
		{796CDAB1-94EF-4409-8F13-572D5ADCA115}.Debug|Any CPU.ActiveCfg = Debug|Any CPU
		{796CDAB1-94EF-4409-8F13-572D5ADCA115}.Debug|Any CPU.Build.0 = Debug|Any CPU
		{796CDAB1-94EF-4409-8F13-572D5ADCA115}.Release|Any CPU.ActiveCfg = Release|Any CPU
		{796CDAB1-94EF-4409-8F13-572D5ADCA115}.Release|Any CPU.Build.0 = Release|Any CPU
	EndGlobalSection
	GlobalSection(SolutionProperties) = preSolution
		HideSolutionNode = FALSE
	EndGlobalSection
	GlobalSection(ExtensibilityGlobals) = postSolution
		SolutionGuid = {F7D505BA-CDEB-41F2-923A-1A0174A6611C}
	EndGlobalSection
EndGlobal
